
Microsoft Visual Studio Solution File, Format Version 12.00
# Visual Studio 14
VisualStudioVersion = 14.0.25420.1
MinimumVisualStudioVersion = 10.0.40219.1
Project("{8BC9CEB8-8B4A-11D0-8D11-00A0C91BC942}") = "RegressionForest", "RegressionForest\RegressionForest.vcxproj", "{5ABE5101-E52D-42E8-A4E4-1A4D477E1909}"
EndProject
Project("{8BC9CEB8-8B4A-11D0-8D11-00A0C91BC942}") = "Testcase001_PredictMethod", "Testcase001_PredictMethod\Testcase001_PredictMethod.vcxproj", "{B83E663F-F67A-4308-A6C6-CB437896475E}"
EndProject
Project("{8BC9CEB8-8B4A-11D0-8D11-00A0C91BC942}") = "RegressionForest_updataLeafNodeWeight", "RegressionForest_updataLeafNodeWeight\RegressionForest_updataLeafNodeWeight.vcxproj", "{32EC1967-2828-4A19-B051-01AB82EE4E28}"
EndProject
Project("{8BC9CEB8-8B4A-11D0-8D11-00A0C91BC942}") = "Testcase002_updataLeafNodeWeight", "Testcase002_updataLeafNodeWeight\Testcase002_updataLeafNodeWeight.vcxproj", "{FD675D8D-E714-43C8-816B-16F91CBA4B89}"
EndProject
Global
	GlobalSection(SolutionConfigurationPlatforms) = preSolution
		Debug|x64 = Debug|x64
		Debug|x86 = Debug|x86
		Release|x64 = Release|x64
		Release|x86 = Release|x86
	EndGlobalSection
	GlobalSection(ProjectConfigurationPlatforms) = postSolution
		{5ABE5101-E52D-42E8-A4E4-1A4D477E1909}.Debug|x64.ActiveCfg = Debug|x64
		{5ABE5101-E52D-42E8-A4E4-1A4D477E1909}.Debug|x64.Build.0 = Debug|x64
		{5ABE5101-E52D-42E8-A4E4-1A4D477E1909}.Debug|x86.ActiveCfg = Debug|Win32
		{5ABE5101-E52D-42E8-A4E4-1A4D477E1909}.Debug|x86.Build.0 = Debug|Win32
		{5ABE5101-E52D-42E8-A4E4-1A4D477E1909}.Release|x64.ActiveCfg = Release|x64
		{5ABE5101-E52D-42E8-A4E4-1A4D477E1909}.Release|x64.Build.0 = Release|x64
		{5ABE5101-E52D-42E8-A4E4-1A4D477E1909}.Release|x86.ActiveCfg = Release|Win32
		{5ABE5101-E52D-42E8-A4E4-1A4D477E1909}.Release|x86.Build.0 = Release|Win32
		{B83E663F-F67A-4308-A6C6-CB437896475E}.Debug|x64.ActiveCfg = Debug|x64
		{B83E663F-F67A-4308-A6C6-CB437896475E}.Debug|x64.Build.0 = Debug|x64
		{B83E663F-F67A-4308-A6C6-CB437896475E}.Debug|x86.ActiveCfg = Debug|Win32
		{B83E663F-F67A-4308-A6C6-CB437896475E}.Debug|x86.Build.0 = Debug|Win32
		{B83E663F-F67A-4308-A6C6-CB437896475E}.Release|x64.ActiveCfg = Release|x64
		{B83E663F-F67A-4308-A6C6-CB437896475E}.Release|x64.Build.0 = Release|x64
		{B83E663F-F67A-4308-A6C6-CB437896475E}.Release|x86.ActiveCfg = Release|Win32
		{B83E663F-F67A-4308-A6C6-CB437896475E}.Release|x86.Build.0 = Release|Win32
		{32EC1967-2828-4A19-B051-01AB82EE4E28}.Debug|x64.ActiveCfg = Debug|x64
		{32EC1967-2828-4A19-B051-01AB82EE4E28}.Debug|x64.Build.0 = Debug|x64
		{32EC1967-2828-4A19-B051-01AB82EE4E28}.Debug|x86.ActiveCfg = Debug|Win32
		{32EC1967-2828-4A19-B051-01AB82EE4E28}.Debug|x86.Build.0 = Debug|Win32
		{32EC1967-2828-4A19-B051-01AB82EE4E28}.Release|x64.ActiveCfg = Release|x64
		{32EC1967-2828-4A19-B051-01AB82EE4E28}.Release|x64.Build.0 = Release|x64
		{32EC1967-2828-4A19-B051-01AB82EE4E28}.Release|x86.ActiveCfg = Release|Win32
		{32EC1967-2828-4A19-B051-01AB82EE4E28}.Release|x86.Build.0 = Release|Win32
		{FD675D8D-E714-43C8-816B-16F91CBA4B89}.Debug|x64.ActiveCfg = Debug|x64
		{FD675D8D-E714-43C8-816B-16F91CBA4B89}.Debug|x64.Build.0 = Debug|x64
		{FD675D8D-E714-43C8-816B-16F91CBA4B89}.Debug|x86.ActiveCfg = Debug|Win32
		{FD675D8D-E714-43C8-816B-16F91CBA4B89}.Debug|x86.Build.0 = Debug|Win32
		{FD675D8D-E714-43C8-816B-16F91CBA4B89}.Release|x64.ActiveCfg = Release|x64
		{FD675D8D-E714-43C8-816B-16F91CBA4B89}.Release|x64.Build.0 = Release|x64
		{FD675D8D-E714-43C8-816B-16F91CBA4B89}.Release|x86.ActiveCfg = Release|Win32
		{FD675D8D-E714-43C8-816B-16F91CBA4B89}.Release|x86.Build.0 = Release|Win32
	EndGlobalSection
	GlobalSection(SolutionProperties) = preSolution
		HideSolutionNode = FALSE
	EndGlobalSection
EndGlobal
