<?xml version="1.0" encoding="utf-8"?>
<Project ToolsVersion="4.0" xmlns="http://schemas.microsoft.com/developer/msbuild/2003">
  <ItemGroup>
    <ClInclude Include="RegressionForest_EXPORTS.h" />
    <ClInclude Include="RegressionForestInterface.h" />
    <ClInclude Include="RegressionForestConfig.h">
      <Filter>Config</Filter>
    </ClInclude>
    <ClInclude Include="Node.h">
      <Filter>Forest</Filter>
    </ClInclude>
    <ClInclude Include="Tree.h">
      <Filter>Forest</Filter>
    </ClInclude>
    <ClInclude Include="RegressionForest.h">
      <Filter>Forest</Filter>
    </ClInclude>
    <ClInclude Include="TrainingSet.h">
      <Filter>Data</Filter>
    </ClInclude>
    <ClInclude Include="BaseSplitMethod.h">
      <Filter>NodeSplitMethod</Filter>
    </ClInclude>
    <ClInclude Include="InfoGainMethod.h">
      <Filter>NodeSplitMethod</Filter>
    </ClInclude>
    <ClInclude Include="RSSMethod.h">
      <Filter>NodeSplitMethod</Filter>
    </ClInclude>
    <ClInclude Include="EarlyFittingCondition.h">
      <Filter>TerminateConditions</Filter>
    </ClInclude>
    <ClInclude Include="BasicCondition.h">
      <Filter>TerminateConditions</Filter>
    </ClInclude>
    <ClInclude Include="BaseTerminateCondition.h">
      <Filter>TerminateConditions</Filter>
    </ClInclude>
    <ClInclude Include="BaseFeatureWeightMethod.h">
      <Filter>Weight</Filter>
    </ClInclude>
    <ClInclude Include="BaseInstanceWeightMethod.h">
      <Filter>Weight</Filter>
    </ClInclude>
    <ClInclude Include="FeatureWeightInvokingTreeMethod.h">
      <Filter>Weight</Filter>
    </ClInclude>
    <ClInclude Include="FeatureWeightPearsonMethod.h">
      <Filter>Weight</Filter>
    </ClInclude>
    <ClInclude Include="FeatureWeightRSSMethod.h">
      <Filter>Weight</Filter>
    </ClInclude>
    <ClInclude Include="InstanceWeightResponsetMethod.h">
      <Filter>Weight</Filter>
    </ClInclude>
    <ClInclude Include="ObjectPool.h">
      <Filter>Forest</Filter>
    </ClInclude>
    <ClInclude Include="RegressionForestCommon.h" />
    <ClInclude Include="TrainingSetConfig.h">
      <Filter>Config</Filter>
    </ClInclude>
    <ClInclude Include="TrainingSetCommon.h" />
    <ClInclude Include="BaseBootstrapSelector.h">
      <Filter>Selector</Filter>
    </ClInclude>
    <ClInclude Include="BaseFeatureSelector.h">
      <Filter>Selector</Filter>
    </ClInclude>
    <ClInclude Include="UniformBootstrapSelector.h">
      <Filter>Selector</Filter>
    </ClInclude>
    <ClInclude Include="UniformFeatureSelector.h">
      <Filter>Selector</Filter>
    </ClInclude>
    <ClInclude Include="WeightedBootstrapSelector.h">
      <Filter>Selector</Filter>
    </ClInclude>
    <ClInclude Include="WeightedFeatureSelector.h">
      <Filter>Selector</Filter>
    </ClInclude>
    <ClInclude Include="SingleResponseNode.h">
      <Filter>Forest</Filter>
    </ClInclude>
    <ClInclude Include="MultiResponseNode.h">
      <Filter>Forest</Filter>
    </ClInclude>
    <ClInclude Include="MultiInfoGainSplit.h">
      <Filter>NodeSplitMethod</Filter>
    </ClInclude>
    <ClInclude Include="RegressionForestPool.h" />
    <ClInclude Include="FeatureWeightVIMethod.h">
      <Filter>Weight</Filter>
    </ClInclude>
    <ClInclude Include="MpCompute.h">
      <Filter>MpMethod</Filter>
    </ClInclude>
    <ClInclude Include="Utility.h" />
    <ClInclude Include="BasePredictionMethod.h">
      <Filter>PredictionMethod</Filter>
    </ClInclude>
    <ClInclude Include="InternalNodePredictionMethod.h">
      <Filter>PredictionMethod</Filter>
    </ClInclude>
    <ClInclude Include="LPPredictionMethod.h">
      <Filter>PredictionMethod</Filter>
    </ClInclude>
    <ClInclude Include="MeanPredictionMethod.h">
      <Filter>PredictionMethod</Filter>
    </ClInclude>
    <ClInclude Include="MPPredictionMethod.h">
      <Filter>PredictionMethod</Filter>
    </ClInclude>
    <ClInclude Include="VariancePredictionMethod.h">
      <Filter>PredictionMethod</Filter>
    </ClInclude>
    <ClInclude Include="PathNodeMethod.h">
      <Filter>PathPredict</Filter>
    </ClInclude>
    <ClInclude Include="LeafNodeWeightPredictionMethod.h">
      <Filter>PredictionMethod</Filter>
    </ClInclude>
  </ItemGroup>
  <ItemGroup>
    <Filter Include="Config">
      <UniqueIdentifier>{8b559c7a-ccd1-4cd0-b014-cf108f7e545b}</UniqueIdentifier>
    </Filter>
    <Filter Include="Data">
      <UniqueIdentifier>{9c0b311e-77c4-40ec-b04a-81d961bc0f37}</UniqueIdentifier>
    </Filter>
    <Filter Include="Forest">
      <UniqueIdentifier>{a9cffd3b-c4f9-400b-b6ea-53161247bfd9}</UniqueIdentifier>
    </Filter>
    <Filter Include="NodeSplitMethod">
      <UniqueIdentifier>{d3607a5e-2efc-4d0a-86c6-c30ade7aeb45}</UniqueIdentifier>
    </Filter>
    <Filter Include="TerminateConditions">
      <UniqueIdentifier>{23064218-f23c-4b00-a47b-d936bd5488aa}</UniqueIdentifier>
    </Filter>
    <Filter Include="Weight">
      <UniqueIdentifier>{920703c6-75a9-4411-8fc3-7f08d1d105d9}</UniqueIdentifier>
    </Filter>
    <Filter Include="Selector">
      <UniqueIdentifier>{3e3d62b3-f9d3-4caf-9a1b-35f201ed7e44}</UniqueIdentifier>
    </Filter>
    <Filter Include="MpMethod">
      <UniqueIdentifier>{0cd7f521-a296-48b1-b3b1-345522a4784e}</UniqueIdentifier>
    </Filter>
    <Filter Include="PathPredict">
      <UniqueIdentifier>{d7b2c583-d536-412a-a861-ace8f4c7560a}</UniqueIdentifier>
    </Filter>
    <Filter Include="PredictionMethod">
      <UniqueIdentifier>{7f2088ed-3727-47b3-9ee2-e6a4d3e7e168}</UniqueIdentifier>
    </Filter>
  </ItemGroup>
  <ItemGroup>
    <ClCompile Include="RegressionForestInterface.cpp" />
    <ClCompile Include="RegressionForestConfig.cpp">
      <Filter>Config</Filter>
    </ClCompile>
    <ClCompile Include="Tree.cpp">
      <Filter>Forest</Filter>
    </ClCompile>
    <ClCompile Include="RegressionForest.cpp">
      <Filter>Forest</Filter>
    </ClCompile>
    <ClCompile Include="TrainingSet.cpp">
      <Filter>Data</Filter>
    </ClCompile>
    <ClCompile Include="Node.cpp">
      <Filter>Forest</Filter>
    </ClCompile>
    <ClCompile Include="InfoGainMethod.cpp">
      <Filter>NodeSplitMethod</Filter>
    </ClCompile>
    <ClCompile Include="BaseSplitMethod.cpp">
      <Filter>NodeSplitMethod</Filter>
    </ClCompile>
    <ClCompile Include="RSSMethod.cpp">
      <Filter>NodeSplitMethod</Filter>
    </ClCompile>
    <ClCompile Include="EarlyFittingCondition.cpp">
      <Filter>TerminateConditions</Filter>
    </ClCompile>
    <ClCompile Include="BasicCondition.cpp">
      <Filter>TerminateConditions</Filter>
    </ClCompile>
    <ClCompile Include="FeatureWeightInvokingTreeMethod.cpp">
      <Filter>Weight</Filter>
    </ClCompile>
    <ClCompile Include="FeatureWeightPearsonMethod.cpp">
      <Filter>Weight</Filter>
    </ClCompile>
    <ClCompile Include="FeatureWeightRSSMethod.cpp">
      <Filter>Weight</Filter>
    </ClCompile>
    <ClCompile Include="InstanceWeightResponseMethod.cpp">
      <Filter>Weight</Filter>
    </ClCompile>
    <ClCompile Include="TrainingSetConfig.cpp">
      <Filter>Config</Filter>
    </ClCompile>
    <ClCompile Include="UniformBootstrapSelector.cpp">
      <Filter>Selector</Filter>
    </ClCompile>
    <ClCompile Include="UniformFeatureSelector.cpp">
      <Filter>Selector</Filter>
    </ClCompile>
    <ClCompile Include="WeightedBootstrapSelector.cpp">
      <Filter>Selector</Filter>
    </ClCompile>
    <ClCompile Include="WeightedFeatureSelector.cpp">
      <Filter>Selector</Filter>
    </ClCompile>
    <ClCompile Include="SingleResponseNode.cpp">
      <Filter>Forest</Filter>
    </ClCompile>
    <ClCompile Include="MultiResponseNode.cpp">
      <Filter>Forest</Filter>
    </ClCompile>
    <ClCompile Include="MultiInfoGainSplit.cpp">
      <Filter>NodeSplitMethod</Filter>
    </ClCompile>
    <ClCompile Include="RegressionForestPool.cpp" />
    <ClCompile Include="BaseFeatureSelector.cpp">
      <Filter>Selector</Filter>
    </ClCompile>
    <ClCompile Include="FeatureWeightVIMethod.cpp">
      <Filter>Weight</Filter>
    </ClCompile>
    <ClCompile Include="MpCompute.cpp">
      <Filter>MpMethod</Filter>
    </ClCompile>
    <ClCompile Include="Utility.cpp" />
    <ClCompile Include="InternalNodePredictionMethod.cpp">
      <Filter>PredictionMethod</Filter>
    </ClCompile>
    <ClCompile Include="LPPredictionMethod.cpp">
      <Filter>PredictionMethod</Filter>
    </ClCompile>
    <ClCompile Include="MeanPredictionMethod.cpp">
      <Filter>PredictionMethod</Filter>
    </ClCompile>
    <ClCompile Include="MPPredictionMethod.cpp">
      <Filter>PredictionMethod</Filter>
    </ClCompile>
    <ClCompile Include="VariancePredictionMethod.cpp">
      <Filter>PredictionMethod</Filter>
    </ClCompile>
    <ClCompile Include="PathNodeMethod.cpp">
      <Filter>PathPredict</Filter>
    </ClCompile>
    <ClCompile Include="LeafNodeWeightPredictionMethod.cpp">
      <Filter>PredictionMethod</Filter>
    </ClCompile>
  </ItemGroup>
</Project>